// !$*UTF8*$!
{
	archiveVersion = 1;
	classes = {
	};
	objectVersion = 50;
	objects = {

/* Begin PBXBuildFile section */
		350E5F072690EFB200967E1D /* AppDelegate.m in Sources */ = {isa = PBXBuildFile; fileRef = 350E5F062690EFB200967E1D /* AppDelegate.m */; };
		350E5F0A2690EFB200967E1D /* ViewController.m in Sources */ = {isa = PBXBuildFile; fileRef = 350E5F092690EFB200967E1D /* ViewController.m */; };
		350E5F0C2690EFB500967E1D /* Assets.xcassets in Resources */ = {isa = PBXBuildFile; fileRef = 350E5F0B2690EFB500967E1D /* Assets.xcassets */; };
		350E5F0F2690EFB500967E1D /* Main.storyboard in Resources */ = {isa = PBXBuildFile; fileRef = 350E5F0D2690EFB500967E1D /* Main.storyboard */; };
		350E5F122690EFB500967E1D /* main.m in Sources */ = {isa = PBXBuildFile; fileRef = 350E5F112690EFB500967E1D /* main.m */; };
/* End PBXBuildFile section */

/* Begin PBXFileReference section */
		350E5F022690EFB200967E1D /* Mandelzoom-MacOS-ObjC.app */ = {isa = PBXFileReference; explicitFileType = wrapper.application; includeInIndex = 0; path = "Mandelzoom-MacOS-ObjC.app"; sourceTree = BUILT_PRODUCTS_DIR; };
		350E5F052690EFB200967E1D /* AppDelegate.h */ = {isa = PBXFileReference; lastKnownFileType = sourcecode.c.h; path = AppDelegate.h; sourceTree = "<group>"; };
		350E5F062690EFB200967E1D /* AppDelegate.m */ = {isa = PBXFileReference; lastKnownFileType = sourcecode.c.objc; path = AppDelegate.m; sourceTree = "<group>"; };
		350E5F082690EFB200967E1D /* ViewController.h */ = {isa = PBXFileReference; lastKnownFileType = sourcecode.c.h; path = ViewController.h; sourceTree = "<group>"; };
		350E5F092690EFB200967E1D /* ViewController.m */ = {isa = PBXFileReference; lastKnownFileType = sourcecode.c.objc; path = ViewController.m; sourceTree = "<group>"; };
		350E5F0B2690EFB500967E1D /* Assets.xcassets */ = {isa = PBXFileReference; lastKnownFileType = folder.assetcatalog; path = Assets.xcassets; sourceTree = "<group>"; };
		350E5F0E2690EFB500967E1D /* Base */ = {isa = PBXFileReference; lastKnownFileType = file.storyboard; name = Base; path = Base.lproj/Main.storyboard; sourceTree = "<group>"; };
		350E5F102690EFB500967E1D /* Info.plist */ = {isa = PBXFileReference; lastKnownFileType = text.plist.xml; path = Info.plist; sourceTree = "<group>"; };
		350E5F112690EFB500967E1D /* main.m */ = {isa = PBXFileReference; lastKnownFileType = sourcecode.c.objc; path = main.m; sourceTree = "<group>"; };
		350E5F132690EFB500967E1D /* Mandelzoom_MacOS_ObjC.entitlements */ = {isa = PBXFileReference; lastKnownFileType = text.plist.entitlements; path = Mandelzoom_MacOS_ObjC.entitlements; sourceTree = "<group>"; };
/* End PBXFileReference section */

/* Begin PBXFrameworksBuildPhase section */
		350E5EFF2690EFB200967E1D /* Frameworks */ = {
			isa = PBXFrameworksBuildPhase;
			buildActionMask = 2147483647;
			files = (
			);
			runOnlyForDeploymentPostprocessing = 0;
		};
/* End PBXFrameworksBuildPhase section */

/* Begin PBXGroup section */
		350E5EF92690EFB200967E1D = {
			isa = PBXGroup;
			children = (
				350E5F042690EFB200967E1D /* Mandelzoom-MacOS-ObjC */,
				350E5F032690EFB200967E1D /* Products */,
			);
			sourceTree = "<group>";
		};
		350E5F032690EFB200967E1D /* Products */ = {
			isa = PBXGroup;
			children = (
				350E5F022690EFB200967E1D /* Mandelzoom-MacOS-ObjC.app */,
			);
			name = Products;
			sourceTree = "<group>";
		};
		350E5F042690EFB200967E1D /* Mandelzoom-MacOS-ObjC */ = {
			isa = PBXGroup;
			children = (
				350E5F052690EFB200967E1D /* AppDelegate.h */,
				350E5F062690EFB200967E1D /* AppDelegate.m */,
				350E5F082690EFB200967E1D /* ViewController.h */,
				350E5F092690EFB200967E1D /* ViewController.m */,
				350E5F0B2690EFB500967E1D /* Assets.xcassets */,
				350E5F0D2690EFB500967E1D /* Main.storyboard */,
				350E5F102690EFB500967E1D /* Info.plist */,
				350E5F112690EFB500967E1D /* main.m */,
				350E5F132690EFB500967E1D /* Mandelzoom_MacOS_ObjC.entitlements */,
			);
			path = "Mandelzoom-MacOS-ObjC";
			sourceTree = "<group>";
		};
/* End PBXGroup section */

/* Begin PBXNativeTarget section */
		350E5F012690EFB200967E1D /* Mandelzoom-MacOS-ObjC */ = {
			isa = PBXNativeTarget;
			buildConfigurationList = 350E5F162690EFB500967E1D /* Build configuration list for PBXNativeTarget "Mandelzoom-MacOS-ObjC" */;
			buildPhases = (
				350E5EFE2690EFB200967E1D /* Sources */,
				350E5EFF2690EFB200967E1D /* Frameworks */,
				350E5F002690EFB200967E1D /* Resources */,
			);
			buildRules = (
			);
			dependencies = (
			);
			name = "Mandelzoom-MacOS-ObjC";
			productName = "Mandelzoom-MacOS-ObjC";
			productReference = 350E5F022690EFB200967E1D /* Mandelzoom-MacOS-ObjC.app */;
			productType = "com.apple.product-type.application";
		};
/* End PBXNativeTarget section */

/* Begin PBXProject section */
		350E5EFA2690EFB200967E1D /* Project object */ = {
			isa = PBXProject;
			attributes = {
				LastUpgradeCheck = 1250;
				TargetAttributes = {
					350E5F012690EFB200967E1D = {
						CreatedOnToolsVersion = 12.5.1;
					};
				};
			};
			buildConfigurationList = 350E5EFD2690EFB200967E1D /* Build configuration list for PBXProject "Mandelzoom-MacOS-ObjC" */;
			compatibilityVersion = "Xcode 9.3";
			developmentRegion = en;
			hasScannedForEncodings = 0;
			knownRegions = (
				en,
				Base,
			);
			mainGroup = 350E5EF92690EFB200967E1D;
			productRefGroup = 350E5F032690EFB200967E1D /* Products */;
			projectDirPath = "";
			projectRoot = "";
			targets = (
				350E5F012690EFB200967E1D /* Mandelzoom-MacOS-ObjC */,
			);
		};
/* End PBXProject section */

/* Begin PBXResourcesBuildPhase section */
		350E5F002690EFB200967E1D /* Resources */ = {
			isa = PBXResourcesBuildPhase;
			buildActionMask = 2147483647;
			files = (
				350E5F0C2690EFB500967E1D /* Assets.xcassets in Resources */,
				350E5F0F2690EFB500967E1D /* Main.storyboard in Resources */,
			);
			runOnlyForDeploymentPostprocessing = 0;
		};
/* End PBXResourcesBuildPhase section */

/* Begin PBXSourcesBuildPhase section */
		350E5EFE2690EFB200967E1D /* Sources */ = {
			isa = PBXSourcesBuildPhase;
			buildActionMask = 2147483647;
			files = (
				350E5F0A2690EFB200967E1D /* ViewController.m in Sources */,
				350E5F122690EFB500967E1D /* main.m in Sources */,
				350E5F072690EFB200967E1D /* AppDelegate.m in Sources */,
			);
			runOnlyForDeploymentPostprocessing = 0;
		};
/* End PBXSourcesBuildPhase section */

/* Begin PBXVariantGroup section */
		350E5F0D2690EFB500967E1D /* Main.storyboard */ = {
			isa = PBXVariantGroup;
			children = (
				350E5F0E2690EFB500967E1D /* Base */,
			);
			name = Main.storyboard;
			sourceTree = "<group>";
		};
/* End PBXVariantGroup section */

/* Begin XCBuildConfiguration section */
		350E5F142690EFB500967E1D /* Debug */ = {
			isa = XCBuildConfiguration;
			buildSettings = {
				ALWAYS_SEARCH_USER_PATHS = NO;
				CLANG_ANALYZER_NONNULL = YES;
				CLANG_ANALYZER_NUMBER_OBJECT_CONVERSION = YES_AGGRESSIVE;
				CLANG_CXX_LANGUAGE_STANDARD = "gnu++14";
				CLANG_CXX_LIBRARY = "libc++";
				CLANG_ENABLE_MODULES = YES;
				CLANG_ENABLE_OBJC_ARC = YES;
				CLANG_ENABLE_OBJC_WEAK = YES;
				CLANG_WARN_BLOCK_CAPTURE_AUTORELEASING = YES;
				CLANG_WARN_BOOL_CONVERSION = YES;
				CLANG_WARN_COMMA = YES;
				CLANG_WARN_CONSTANT_CONVERSION = YES;
				CLANG_WARN_DEPRECATED_OBJC_IMPLEMENTATIONS = YES;
				CLANG_WARN_DIRECT_OBJC_ISA_USAGE = YES_ERROR;
				CLANG_WARN_DOCUMENTATION_COMMENTS = YES;
				CLANG_WARN_EMPTY_BODY = YES;
				CLANG_WARN_ENUM_CONVERSION = YES;
				CLANG_WARN_INFINITE_RECURSION = YES;
				CLANG_WARN_INT_CONVERSION = YES;
				CLANG_WARN_NON_LITERAL_NULL_CONVERSION = YES;
				CLANG_WARN_OBJC_IMPLICIT_RETAIN_SELF = YES;
				CLANG_WARN_OBJC_LITERAL_CONVERSION = YES;
				CLANG_WARN_OBJC_ROOT_CLASS = YES_ERROR;
				CLANG_WARN_QUOTED_INCLUDE_IN_FRAMEWORK_HEADER = YES;
				CLANG_WARN_RANGE_LOOP_ANALYSIS = YES;
				CLANG_WARN_STRICT_PROTOTYPES = YES;
				CLANG_WARN_SUSPICIOUS_MOVE = YES;
				CLANG_WARN_UNGUARDED_AVAILABILITY = YES_AGGRESSIVE;
				CLANG_WARN_UNREACHABLE_CODE = YES;
				CLANG_WARN__DUPLICATE_METHOD_MATCH = YES;
				COPY_PHASE_STRIP = NO;
				DEBUG_INFORMATION_FORMAT = dwarf;
				ENABLE_STRICT_OBJC_MSGSEND = YES;
				ENABLE_TESTABILITY = YES;
				GCC_C_LANGUAGE_STANDARD = gnu11;
				GCC_DYNAMIC_NO_PIC = NO;
				GCC_NO_COMMON_BLOCKS = YES;
				GCC_OPTIMIZATION_LEVEL = 0;
				GCC_PREPROCESSOR_DEFINITIONS = (
					"DEBUG=1",
					"$(inherited)",
				);
				GCC_WARN_64_TO_32_BIT_CONVERSION = YES;
				GCC_WARN_ABOUT_RETURN_TYPE = YES_ERROR;
				GCC_WARN_UNDECLARED_SELECTOR = YES;
				GCC_WARN_UNINITIALIZED_AUTOS = YES_AGGRESSIVE;
				GCC_WARN_UNUSED_FUNCTION = YES;
				GCC_WARN_UNUSED_VARIABLE = YES;
				MACOSX_DEPLOYMENT_TARGET = 11.3;
				MTL_ENABLE_DEBUG_INFO = INCLUDE_SOURCE;
				MTL_FAST_MATH = YES;
				ONLY_ACTIVE_ARCH = YES;
				SDKROOT = macosx;
			};
			name = Debug;
		};
		350E5F152690EFB500967E1D /* Release */ = {
			isa = XCBuildConfiguration;
			buildSettings = {
				ALWAYS_SEARCH_USER_PATHS = NO;
				CLANG_ANALYZER_NONNULL = YES;
				CLANG_ANALYZER_NUMBER_OBJECT_CONVERSION = YES_AGGRESSIVE;
				CLANG_CXX_LANGUAGE_STANDARD = "gnu++14";
				CLANG_CXX_LIBRARY = "libc++";
				CLANG_ENABLE_MODULES = YES;
				CLANG_ENABLE_OBJC_ARC = YES;
				CLANG_ENABLE_OBJC_WEAK = YES;
				CLANG_WARN_BLOCK_CAPTURE_AUTORELEASING = YES;
				CLANG_WARN_BOOL_CONVERSION = YES;
				CLANG_WARN_COMMA = YES;
				CLANG_WARN_CONSTANT_CONVERSION = YES;
				CLANG_WARN_DEPRECATED_OBJC_IMPLEMENTATIONS = YES;
				CLANG_WARN_DIRECT_OBJC_ISA_USAGE = YES_ERROR;
				CLANG_WARN_DOCUMENTATION_COMMENTS = YES;
				CLANG_WARN_EMPTY_BODY = YES;
				CLANG_WARN_ENUM_CONVERSION = YES;
				CLANG_WARN_INFINITE_RECURSION = YES;
				CLANG_WARN_INT_CONVERSION = YES;
				CLANG_WARN_NON_LITERAL_NULL_CONVERSION = YES;
				CLANG_WARN_OBJC_IMPLICIT_RETAIN_SELF = YES;
				CLANG_WARN_OBJC_LITERAL_CONVERSION = YES;
				CLANG_WARN_OBJC_ROOT_CLASS = YES_ERROR;
				CLANG_WARN_QUOTED_INCLUDE_IN_FRAMEWORK_HEADER = YES;
				CLANG_WARN_RANGE_LOOP_ANALYSIS = YES;
				CLANG_WARN_STRICT_PROTOTYPES = YES;
				CLANG_WARN_SUSPICIOUS_MOVE = YES;
				CLANG_WARN_UNGUARDED_AVAILABILITY = YES_AGGRESSIVE;
				CLANG_WARN_UNREACHABLE_CODE = YES;
				CLANG_WARN__DUPLICATE_METHOD_MATCH = YES;
				COPY_PHASE_STRIP = NO;
				DEBUG_INFORMATION_FORMAT = "dwarf-with-dsym";
				ENABLE_NS_ASSERTIONS = NO;
				ENABLE_STRICT_OBJC_MSGSEND = YES;
				GCC_C_LANGUAGE_STANDARD = gnu11;
				GCC_NO_COMMON_BLOCKS = YES;
				GCC_WARN_64_TO_32_BIT_CONVERSION = YES;
				GCC_WARN_ABOUT_RETURN_TYPE = YES_ERROR;
				GCC_WARN_UNDECLARED_SELECTOR = YES;
				GCC_WARN_UNINITIALIZED_AUTOS = YES_AGGRESSIVE;
				GCC_WARN_UNUSED_FUNCTION = YES;
				GCC_WARN_UNUSED_VARIABLE = YES;
				MACOSX_DEPLOYMENT_TARGET = 11.3;
				MTL_ENABLE_DEBUG_INFO = NO;
				MTL_FAST_MATH = YES;
				SDKROOT = macosx;
			};
			name = Release;
		};
		350E5F172690EFB500967E1D /* Debug */ = {
			isa = XCBuildConfiguration;
			buildSettings = {
				ASSETCATALOG_COMPILER_APPICON_NAME = AppIcon;
				ASSETCATALOG_COMPILER_GLOBAL_ACCENT_COLOR_NAME = AccentColor;
				CODE_SIGN_ENTITLEMENTS = "Mandelzoom-MacOS-ObjC/Mandelzoom_MacOS_ObjC.entitlements";
				CODE_SIGN_STYLE = Automatic;
				COMBINE_HIDPI_IMAGES = YES;
				DEVELOPMENT_TEAM = 9J9T6457HV;
				ENABLE_HARDENED_RUNTIME = YES;
				INFOPLIST_FILE = "Mandelzoom-MacOS-ObjC/Info.plist";
				LD_RUNPATH_SEARCH_PATHS = (
					"$(inherited)",
					"@executable_path/../Frameworks",
				);
				PRODUCT_BUNDLE_IDENTIFIER = "com.sepoysoftware.Mandelzoom-MacOS-ObjC";
				PRODUCT_NAME = "$(TARGET_NAME)";
			};
			name = Debug;
		};
		350E5F182690EFB500967E1D /* Release */ = {
			isa = XCBuildConfiguration;
			buildSettings = {
				ASSETCATALOG_COMPILER_APPICON_NAME = AppIcon;
				ASSETCATALOG_COMPILER_GLOBAL_ACCENT_COLOR_NAME = AccentColor;
				CODE_SIGN_ENTITLEMENTS = "Mandelzoom-MacOS-ObjC/Mandelzoom_MacOS_ObjC.entitlements";
				CODE_SIGN_STYLE = Automatic;
				COMBINE_HIDPI_IMAGES = YES;
				DEVELOPMENT_TEAM = 9J9T6457HV;
				ENABLE_HARDENED_RUNTIME = YES;
				INFOPLIST_FILE = "Mandelzoom-MacOS-ObjC/Info.plist";
				LD_RUNPATH_SEARCH_PATHS = (
					"$(inherited)",
					"@executable_path/../Frameworks",
				);
				PRODUCT_BUNDLE_IDENTIFIER = "com.sepoysoftware.Mandelzoom-MacOS-ObjC";
				PRODUCT_NAME = "$(TARGET_NAME)";
			};
			name = Release;
		};
/* End XCBuildConfiguration section */

/* Begin XCConfigurationList section */
		350E5EFD2690EFB200967E1D /* Build configuration list for PBXProject "Mandelzoom-MacOS-ObjC" */ = {
			isa = XCConfigurationList;
			buildConfigurations = (
				350E5F142690EFB500967E1D /* Debug */,
				350E5F152690EFB500967E1D /* Release */,
			);
			defaultConfigurationIsVisible = 0;
			defaultConfigurationName = Release;
		};
		350E5F162690EFB500967E1D /* Build configuration list for PBXNativeTarget "Mandelzoom-MacOS-ObjC" */ = {
			isa = XCConfigurationList;
			buildConfigurations = (
				350E5F172690EFB500967E1D /* Debug */,
				350E5F182690EFB500967E1D /* Release */,
			);
			defaultConfigurationIsVisible = 0;
			defaultConfigurationName = Release;
		};
/* End XCConfigurationList section */
	};
	rootObject = 350E5EFA2690EFB200967E1D /* Project object */;
}
